
Microsoft Visual Studio Solution File, Format Version 12.00
# Visual Studio Version 16
VisualStudioVersion = 16.0.31702.278
MinimumVisualStudioVersion = 10.0.40219.1
Project("{FAE04EC0-301F-11D3-BF4B-00C04F79EFBC}") = "sayı bulmaca nesne tabanı2", "sayı bulmaca nesne tabanı2\sayı bulmaca nesne tabanı2.csproj", "{62F27A8C-A8DA-43CE-829C-6AAADD706AAD}"
EndProject
Global
	GlobalSection(SolutionConfigurationPlatforms) = preSolution
		Debug|Any CPU = Debug|Any CPU
		Release|Any CPU = Release|Any CPU
	EndGlobalSection
	GlobalSection(ProjectConfigurationPlatforms) = postSolution
		{62F27A8C-A8DA-43CE-829C-6AAADD706AAD}.Debug|Any CPU.ActiveCfg = Debug|Any CPU
		{62F27A8C-A8DA-43CE-829C-6AAADD706AAD}.Debug|Any CPU.Build.0 = Debug|Any CPU
		{62F27A8C-A8DA-43CE-829C-6AAADD706AAD}.Release|Any CPU.ActiveCfg = Release|Any CPU
		{62F27A8C-A8DA-43CE-829C-6AAADD706AAD}.Release|Any CPU.Build.0 = Release|Any CPU
	EndGlobalSection
	GlobalSection(SolutionProperties) = preSolution
		HideSolutionNode = FALSE
	EndGlobalSection
	GlobalSection(ExtensibilityGlobals) = postSolution
		SolutionGuid = {4D87A4A3-7FEC-4357-B967-B29A8109981C}
	EndGlobalSection
EndGlobal
